
Microsoft Visual Studio Solution File, Format Version 12.00
# Visual Studio 15
VisualStudioVersion = 15.0.27130.2024
MinimumVisualStudioVersion = 10.0.40219.1
Project("{888888A0-9F3D-457C-B088-3A5042F75D52}") = "PyShooter", "PyShooter\PyShooter.pyproj", "{BF28C0C8-8306-4C9F-B952-C56615547E3D}"
EndProject
Global
	GlobalSection(SolutionConfigurationPlatforms) = preSolution
		Debug|Any CPU = Debug|Any CPU
		Release|Any CPU = Release|Any CPU
	EndGlobalSection
	GlobalSection(ProjectConfigurationPlatforms) = postSolution
		{BF28C0C8-8306-4C9F-B952-C56615547E3D}.Debug|Any CPU.ActiveCfg = Debug|Any CPU
		{BF28C0C8-8306-4C9F-B952-C56615547E3D}.Release|Any CPU.ActiveCfg = Release|Any CPU
	EndGlobalSection
	GlobalSection(SolutionProperties) = preSolution
		HideSolutionNode = FALSE
	EndGlobalSection
	GlobalSection(ExtensibilityGlobals) = postSolution
		SolutionGuid = {8B487D1B-E668-4F11-BF96-937FC5784E1F}
	EndGlobalSection
EndGlobal
